
Microsoft Visual Studio Solution File, Format Version 12.00
# Visual Studio 15
VisualStudioVersion = 15.0.28307.106
MinimumVisualStudioVersion = 10.0.40219.1
Project("{FAE04EC0-301F-11D3-BF4B-00C04F79EFBC}") = "WindowsFormsApp2", "WindowsFormsApp2\WindowsFormsApp2.csproj", "{26CFA0C6-5F0B-40BD-9C90-9B393BD416E6}"
EndProject
Global
	GlobalSection(SolutionConfigurationPlatforms) = preSolution
		Debug|Any CPU = Debug|Any CPU
		Release|Any CPU = Release|Any CPU
	EndGlobalSection
	GlobalSection(ProjectConfigurationPlatforms) = postSolution
		{26CFA0C6-5F0B-40BD-9C90-9B393BD416E6}.Debug|Any CPU.ActiveCfg = Debug|Any CPU
		{26CFA0C6-5F0B-40BD-9C90-9B393BD416E6}.Debug|Any CPU.Build.0 = Debug|Any CPU
		{26CFA0C6-5F0B-40BD-9C90-9B393BD416E6}.Release|Any CPU.ActiveCfg = Release|Any CPU
		{26CFA0C6-5F0B-40BD-9C90-9B393BD416E6}.Release|Any CPU.Build.0 = Release|Any CPU
	EndGlobalSection
	GlobalSection(SolutionProperties) = preSolution
		HideSolutionNode = FALSE
	EndGlobalSection
	GlobalSection(ExtensibilityGlobals) = postSolution
		SolutionGuid = {6F152295-1A82-43FC-9D74-497387ACD4E8}
	EndGlobalSection
EndGlobal
